{
  "name": "lucos_contacts_ui",
  "lockfileVersion": 3,
  "requires": true,
  "packages": {
    "": {
      "name": "lucos_contacts_ui",
      "dependencies": {
        "lucos_navbar": "^2.1.7"
      }
    },
    "node_modules/lucos_navbar": {
      "version": "2.1.7",
      "resolved": "https://registry.npmjs.org/lucos_navbar/-/lucos_navbar-2.1.7.tgz",
      "integrity": "sha512-wn/8JHZ5/5tigVKVLcao2gJMU2DBmTplpre6JkDh03n4ak37HcLaKFuGQcIsS//3F6benPmREXfHc0L7z0zIiw==",
      "dependencies": {
        "lucos_time_component": "^2.1.5"
      }
    },
    "node_modules/lucos_time_component": {
      "version": "2.1.18",
      "resolved": "https://registry.npmjs.org/lucos_time_component/-/lucos_time_component-2.1.18.tgz",
      "integrity": "sha512-DHqWoLWkDRE+exV8TTDtDtGyqxnlJBE7Cidas4UB2BQUKGh+vwQfUtcGSXV/aYRegBNYydESREiYwNc4YJOzDA=="
    }
  }
}
