{
  "name": "lucos_contacts_ui",
  "lockfileVersion": 3,
  "requires": true,
  "packages": {
    "": {
      "name": "lucos_contacts_ui",
      "dependencies": {
        "lucos_navbar": "^2.1.44"
      }
    },
    "node_modules/lucos_navbar": {
      "version": "2.1.44",
      "resolved": "https://registry.npmjs.org/lucos_navbar/-/lucos_navbar-2.1.44.tgz",
      "integrity": "sha512-Y9mVgdRw/NMtu9sP4rfCijNoM7IGT5E9gwUmqvkzAzF1XC4/QqBzmjS9ZrTC9HnUEJoXeF+wg/lewmMbqNDGFw==",
      "dependencies": {
        "lucos_time_component": "^2.1.5"
      }
    },
    "node_modules/lucos_time_component": {
      "version": "2.1.64",
      "resolved": "https://registry.npmjs.org/lucos_time_component/-/lucos_time_component-2.1.64.tgz",
      "integrity": "sha512-+8SQ4y+TofQC5zOpbRLLiwqua4UakxIv3pS52zgnXXpEG0ryPK0DwMxmqi6p16zNfRWR5SiUJlQrfTbCkVwY6g=="
    }
  }
}
