{
  "name": "lucos_contacts_ui",
  "lockfileVersion": 3,
  "requires": true,
  "packages": {
    "": {
      "name": "lucos_contacts_ui",
      "dependencies": {
        "lucos_navbar": "^2.1.74"
      }
    },
    "node_modules/lucos_navbar": {
      "version": "2.1.74",
      "resolved": "https://registry.npmjs.org/lucos_navbar/-/lucos_navbar-2.1.74.tgz",
      "integrity": "sha512-/11rmsmK4UD20RFHdnCQUcWo+EV8GjrnS2Kqvnqsd5Bm/JF7edDtdIq4yx0/YtdPXBnAQYkGEpCOmuRgystLag==",
      "dependencies": {
        "lucos_time_component": "^2.1.5"
      }
    },
    "node_modules/lucos_time_component": {
      "version": "2.1.97",
      "resolved": "https://registry.npmjs.org/lucos_time_component/-/lucos_time_component-2.1.97.tgz",
      "integrity": "sha512-YTHEzdZA6UUR/X2vBxJnH25aO/3Lpng4LFNFoJK3JVkgip32PB1OkiJbegkTT7/klxAs8BUa/3VueDvSguGZpg=="
    }
  }
}
